
Microsoft Visual Studio Solution File, Format Version 12.00
# Visual Studio 15
VisualStudioVersion = 15.0.27703.2018
MinimumVisualStudioVersion = 10.0.40219.1
Project("{FAE04EC0-301F-11D3-BF4B-00C04F79EFBC}") = "Mock Assigment", "Mock Assigment\Mock Assigment.csproj", "{057C8742-365B-4B0D-AB32-81632C576100}"
EndProject
Global
	GlobalSection(SolutionConfigurationPlatforms) = preSolution
		Debug|Any CPU = Debug|Any CPU
		Release|Any CPU = Release|Any CPU
	EndGlobalSection
	GlobalSection(ProjectConfigurationPlatforms) = postSolution
		{057C8742-365B-4B0D-AB32-81632C576100}.Debug|Any CPU.ActiveCfg = Debug|Any CPU
		{057C8742-365B-4B0D-AB32-81632C576100}.Debug|Any CPU.Build.0 = Debug|Any CPU
		{057C8742-365B-4B0D-AB32-81632C576100}.Release|Any CPU.ActiveCfg = Release|Any CPU
		{057C8742-365B-4B0D-AB32-81632C576100}.Release|Any CPU.Build.0 = Release|Any CPU
	EndGlobalSection
	GlobalSection(SolutionProperties) = preSolution
		HideSolutionNode = FALSE
	EndGlobalSection
	GlobalSection(ExtensibilityGlobals) = postSolution
		SolutionGuid = {45813086-BF07-47AD-96D3-8DC58F5D8204}
	EndGlobalSection
EndGlobal
